// !$*UTF8*$!
{
	archiveVersion = 1;
	classes = {
	};
	objectVersion = 51;
	objects = {

/* Begin PBXBuildFile section */
		2D26785A263149B900D6E884 /* MainHomeEntity.swift in Sources */ = {isa = PBXBuildFile; fileRef = 2D26784E263149B900D6E884 /* MainHomeEntity.swift */; };
		2D26785B263149B900D6E884 /* MainHomeContracts.swift in Sources */ = {isa = PBXBuildFile; fileRef = 2D267850263149B900D6E884 /* MainHomeContracts.swift */; };
		2D26785C263149B900D6E884 /* MainHomePresenter.swift in Sources */ = {isa = PBXBuildFile; fileRef = 2D267852263149B900D6E884 /* MainHomePresenter.swift */; };
		2D26785F263149B900D6E884 /* MainHomeInteractor.swift in Sources */ = {isa = PBXBuildFile; fileRef = 2D267857263149B900D6E884 /* MainHomeInteractor.swift */; };
		2D267860263149B900D6E884 /* MainHomeRouter.swift in Sources */ = {isa = PBXBuildFile; fileRef = 2D267859263149B900D6E884 /* MainHomeRouter.swift */; };
		2D459446262FFD7B00FFB8A3 /* AppDelegate.swift in Sources */ = {isa = PBXBuildFile; fileRef = 2D459445262FFD7B00FFB8A3 /* AppDelegate.swift */; };
		2D45944F262FFD7D00FFB8A3 /* Assets.xcassets in Resources */ = {isa = PBXBuildFile; fileRef = 2D45944E262FFD7D00FFB8A3 /* Assets.xcassets */; };
		2D459452262FFD7D00FFB8A3 /* LaunchScreen.storyboard in Resources */ = {isa = PBXBuildFile; fileRef = 2D459450262FFD7D00FFB8A3 /* LaunchScreen.storyboard */; };
		2D4594CC2630A6EB00FFB8A3 /* Router.swift in Sources */ = {isa = PBXBuildFile; fileRef = 2D4594CB2630A6EB00FFB8A3 /* Router.swift */; };
		2D4594D02630A8B500FFB8A3 /* URL.swift in Sources */ = {isa = PBXBuildFile; fileRef = 2D4594CF2630A8B500FFB8A3 /* URL.swift */; };
		2D4594D32630A8E000FFB8A3 /* BaseApiService.swift in Sources */ = {isa = PBXBuildFile; fileRef = 2D4594D22630A8E000FFB8A3 /* BaseApiService.swift */; };
		2D4594D62630A92800FFB8A3 /* BaseEndPoint.swift in Sources */ = {isa = PBXBuildFile; fileRef = 2D4594D52630A92800FFB8A3 /* BaseEndPoint.swift */; };
		2D528AC52630AC170076741D /* CarService.swift in Sources */ = {isa = PBXBuildFile; fileRef = 2D528AC42630AC170076741D /* CarService.swift */; };
		2D528AC92630AD580076741D /* Envoirment.swift in Sources */ = {isa = PBXBuildFile; fileRef = 2D528AC82630AD580076741D /* Envoirment.swift */; };
		2D528ACD2630AE1C0076741D /* AppDataManager.swift in Sources */ = {isa = PBXBuildFile; fileRef = 2D528ACC2630AE1C0076741D /* AppDataManager.swift */; };
		2D528AD02630B7940076741D /* UrlParametrEncoding.swift in Sources */ = {isa = PBXBuildFile; fileRef = 2D528ACF2630B7940076741D /* UrlParametrEncoding.swift */; };
		2D5F30462632A73300823362 /* MainHomeView.swift in Sources */ = {isa = PBXBuildFile; fileRef = 2D5F30452632A73300823362 /* MainHomeView.swift */; };
		2D5F305B2632A88B00823362 /* DetailEntity.swift in Sources */ = {isa = PBXBuildFile; fileRef = 2D5F304F2632A88B00823362 /* DetailEntity.swift */; };
		2D5F305C2632A88B00823362 /* DetailContracts.swift in Sources */ = {isa = PBXBuildFile; fileRef = 2D5F30512632A88B00823362 /* DetailContracts.swift */; };
		2D5F305D2632A88B00823362 /* DetailPresenter.swift in Sources */ = {isa = PBXBuildFile; fileRef = 2D5F30532632A88B00823362 /* DetailPresenter.swift */; };
		2D5F305E2632A88B00823362 /* DetailView.swift in Sources */ = {isa = PBXBuildFile; fileRef = 2D5F30552632A88B00823362 /* DetailView.swift */; };
		2D5F305F2632A88B00823362 /* DetailView.xib in Resources */ = {isa = PBXBuildFile; fileRef = 2D5F30562632A88B00823362 /* DetailView.xib */; };
		2D5F30602632A88B00823362 /* DetailInteractor.swift in Sources */ = {isa = PBXBuildFile; fileRef = 2D5F30582632A88B00823362 /* DetailInteractor.swift */; };
		2D5F30612632A88B00823362 /* DetailRouter.swift in Sources */ = {isa = PBXBuildFile; fileRef = 2D5F305A2632A88B00823362 /* DetailRouter.swift */; };
		2D7CEECE26314BC600F999AB /* RootRouter.swift in Sources */ = {isa = PBXBuildFile; fileRef = 2D7CEECC26314BC600F999AB /* RootRouter.swift */; };
		CFA8C09BEF5E764D110E4714 /* Pods_TestProject.framework in Frameworks */ = {isa = PBXBuildFile; fileRef = 404C1C043C4FCCC12C9496BF /* Pods_TestProject.framework */; };
/* End PBXBuildFile section */

/* Begin PBXFileReference section */
		2D26784E263149B900D6E884 /* MainHomeEntity.swift */ = {isa = PBXFileReference; fileEncoding = 4; lastKnownFileType = sourcecode.swift; path = MainHomeEntity.swift; sourceTree = "<group>"; };
		2D267850263149B900D6E884 /* MainHomeContracts.swift */ = {isa = PBXFileReference; fileEncoding = 4; lastKnownFileType = sourcecode.swift; path = MainHomeContracts.swift; sourceTree = "<group>"; };
		2D267852263149B900D6E884 /* MainHomePresenter.swift */ = {isa = PBXFileReference; fileEncoding = 4; lastKnownFileType = sourcecode.swift; path = MainHomePresenter.swift; sourceTree = "<group>"; };
		2D267857263149B900D6E884 /* MainHomeInteractor.swift */ = {isa = PBXFileReference; fileEncoding = 4; lastKnownFileType = sourcecode.swift; path = MainHomeInteractor.swift; sourceTree = "<group>"; };
		2D267859263149B900D6E884 /* MainHomeRouter.swift */ = {isa = PBXFileReference; fileEncoding = 4; lastKnownFileType = sourcecode.swift; path = MainHomeRouter.swift; sourceTree = "<group>"; };
		2D459442262FFD7B00FFB8A3 /* TestProject.app */ = {isa = PBXFileReference; explicitFileType = wrapper.application; includeInIndex = 0; path = TestProject.app; sourceTree = BUILT_PRODUCTS_DIR; };
		2D459445262FFD7B00FFB8A3 /* AppDelegate.swift */ = {isa = PBXFileReference; lastKnownFileType = sourcecode.swift; path = AppDelegate.swift; sourceTree = "<group>"; };
		2D45944E262FFD7D00FFB8A3 /* Assets.xcassets */ = {isa = PBXFileReference; lastKnownFileType = folder.assetcatalog; path = Assets.xcassets; sourceTree = "<group>"; };
		2D459451262FFD7D00FFB8A3 /* Base */ = {isa = PBXFileReference; lastKnownFileType = file.storyboard; name = Base; path = Base.lproj/LaunchScreen.storyboard; sourceTree = "<group>"; };
		2D459453262FFD7D00FFB8A3 /* Info.plist */ = {isa = PBXFileReference; lastKnownFileType = text.plist.xml; path = Info.plist; sourceTree = "<group>"; };
		2D4594CB2630A6EB00FFB8A3 /* Router.swift */ = {isa = PBXFileReference; lastKnownFileType = sourcecode.swift; path = Router.swift; sourceTree = "<group>"; };
		2D4594CF2630A8B500FFB8A3 /* URL.swift */ = {isa = PBXFileReference; fileEncoding = 4; lastKnownFileType = sourcecode.swift; path = URL.swift; sourceTree = "<group>"; };
		2D4594D22630A8E000FFB8A3 /* BaseApiService.swift */ = {isa = PBXFileReference; lastKnownFileType = sourcecode.swift; path = BaseApiService.swift; sourceTree = "<group>"; };
		2D4594D52630A92800FFB8A3 /* BaseEndPoint.swift */ = {isa = PBXFileReference; lastKnownFileType = sourcecode.swift; path = BaseEndPoint.swift; sourceTree = "<group>"; };
		2D528AC42630AC170076741D /* CarService.swift */ = {isa = PBXFileReference; lastKnownFileType = sourcecode.swift; path = CarService.swift; sourceTree = "<group>"; };
		2D528AC82630AD580076741D /* Envoirment.swift */ = {isa = PBXFileReference; lastKnownFileType = sourcecode.swift; path = Envoirment.swift; sourceTree = "<group>"; };
		2D528ACC2630AE1C0076741D /* AppDataManager.swift */ = {isa = PBXFileReference; lastKnownFileType = sourcecode.swift; path = AppDataManager.swift; sourceTree = "<group>"; };
		2D528ACF2630B7940076741D /* UrlParametrEncoding.swift */ = {isa = PBXFileReference; lastKnownFileType = sourcecode.swift; path = UrlParametrEncoding.swift; sourceTree = "<group>"; };
		2D5F30452632A73300823362 /* MainHomeView.swift */ = {isa = PBXFileReference; fileEncoding = 4; lastKnownFileType = sourcecode.swift; path = MainHomeView.swift; sourceTree = "<group>"; };
		2D5F304F2632A88B00823362 /* DetailEntity.swift */ = {isa = PBXFileReference; fileEncoding = 4; lastKnownFileType = sourcecode.swift; path = DetailEntity.swift; sourceTree = "<group>"; };
		2D5F30512632A88B00823362 /* DetailContracts.swift */ = {isa = PBXFileReference; fileEncoding = 4; lastKnownFileType = sourcecode.swift; path = DetailContracts.swift; sourceTree = "<group>"; };
		2D5F30532632A88B00823362 /* DetailPresenter.swift */ = {isa = PBXFileReference; fileEncoding = 4; lastKnownFileType = sourcecode.swift; path = DetailPresenter.swift; sourceTree = "<group>"; };
		2D5F30552632A88B00823362 /* DetailView.swift */ = {isa = PBXFileReference; fileEncoding = 4; lastKnownFileType = sourcecode.swift; path = DetailView.swift; sourceTree = "<group>"; };
		2D5F30562632A88B00823362 /* DetailView.xib */ = {isa = PBXFileReference; fileEncoding = 4; lastKnownFileType = file.xib; path = DetailView.xib; sourceTree = "<group>"; };
		2D5F30582632A88B00823362 /* DetailInteractor.swift */ = {isa = PBXFileReference; fileEncoding = 4; lastKnownFileType = sourcecode.swift; path = DetailInteractor.swift; sourceTree = "<group>"; };
		2D5F305A2632A88B00823362 /* DetailRouter.swift */ = {isa = PBXFileReference; fileEncoding = 4; lastKnownFileType = sourcecode.swift; path = DetailRouter.swift; sourceTree = "<group>"; };
		2D7CEECC26314BC600F999AB /* RootRouter.swift */ = {isa = PBXFileReference; fileEncoding = 4; lastKnownFileType = sourcecode.swift; path = RootRouter.swift; sourceTree = "<group>"; };
		404C1C043C4FCCC12C9496BF /* Pods_TestProject.framework */ = {isa = PBXFileReference; explicitFileType = wrapper.framework; includeInIndex = 0; path = Pods_TestProject.framework; sourceTree = BUILT_PRODUCTS_DIR; };
		85EEAF33D950275530C9DA95 /* Pods-TestProject.debug.xcconfig */ = {isa = PBXFileReference; includeInIndex = 1; lastKnownFileType = text.xcconfig; name = "Pods-TestProject.debug.xcconfig"; path = "Target Support Files/Pods-TestProject/Pods-TestProject.debug.xcconfig"; sourceTree = "<group>"; };
		F269314BE03C64410469E03A /* Pods-TestProject.release.xcconfig */ = {isa = PBXFileReference; includeInIndex = 1; lastKnownFileType = text.xcconfig; name = "Pods-TestProject.release.xcconfig"; path = "Target Support Files/Pods-TestProject/Pods-TestProject.release.xcconfig"; sourceTree = "<group>"; };
/* End PBXFileReference section */

/* Begin PBXFrameworksBuildPhase section */
		2D45943F262FFD7B00FFB8A3 /* Frameworks */ = {
			isa = PBXFrameworksBuildPhase;
			buildActionMask = 2147483647;
			files = (
				CFA8C09BEF5E764D110E4714 /* Pods_TestProject.framework in Frameworks */,
			);
			runOnlyForDeploymentPostprocessing = 0;
		};
/* End PBXFrameworksBuildPhase section */

/* Begin PBXGroup section */
		2BC54EC18E7181407D07730B /* Pods */ = {
			isa = PBXGroup;
			children = (
				85EEAF33D950275530C9DA95 /* Pods-TestProject.debug.xcconfig */,
				F269314BE03C64410469E03A /* Pods-TestProject.release.xcconfig */,
			);
			path = Pods;
			sourceTree = "<group>";
		};
		2D26784C263149B900D6E884 /* MainHome */ = {
			isa = PBXGroup;
			children = (
				2D26784D263149B900D6E884 /* Entity */,
				2D26784F263149B900D6E884 /* Contracts */,
				2D267851263149B900D6E884 /* Presenter */,
				2D267853263149B900D6E884 /* View */,
				2D267856263149B900D6E884 /* Interactor */,
				2D267858263149B900D6E884 /* Router */,
			);
			path = MainHome;
			sourceTree = "<group>";
		};
		2D26784D263149B900D6E884 /* Entity */ = {
			isa = PBXGroup;
			children = (
				2D26784E263149B900D6E884 /* MainHomeEntity.swift */,
			);
			path = Entity;
			sourceTree = "<group>";
		};
		2D26784F263149B900D6E884 /* Contracts */ = {
			isa = PBXGroup;
			children = (
				2D267850263149B900D6E884 /* MainHomeContracts.swift */,
			);
			path = Contracts;
			sourceTree = "<group>";
		};
		2D267851263149B900D6E884 /* Presenter */ = {
			isa = PBXGroup;
			children = (
				2D267852263149B900D6E884 /* MainHomePresenter.swift */,
			);
			path = Presenter;
			sourceTree = "<group>";
		};
		2D267853263149B900D6E884 /* View */ = {
			isa = PBXGroup;
			children = (
				2D5F30452632A73300823362 /* MainHomeView.swift */,
			);
			path = View;
			sourceTree = "<group>";
		};
		2D267856263149B900D6E884 /* Interactor */ = {
			isa = PBXGroup;
			children = (
				2D267857263149B900D6E884 /* MainHomeInteractor.swift */,
			);
			path = Interactor;
			sourceTree = "<group>";
		};
		2D267858263149B900D6E884 /* Router */ = {
			isa = PBXGroup;
			children = (
				2D267859263149B900D6E884 /* MainHomeRouter.swift */,
			);
			path = Router;
			sourceTree = "<group>";
		};
		2D459439262FFD7B00FFB8A3 = {
			isa = PBXGroup;
			children = (
				2D459444262FFD7B00FFB8A3 /* TestProject */,
				2D459443262FFD7B00FFB8A3 /* Products */,
				2BC54EC18E7181407D07730B /* Pods */,
				93E7F17E92896C0F2BC2CB5F /* Frameworks */,
			);
			sourceTree = "<group>";
		};
		2D459443262FFD7B00FFB8A3 /* Products */ = {
			isa = PBXGroup;
			children = (
				2D459442262FFD7B00FFB8A3 /* TestProject.app */,
			);
			name = Products;
			sourceTree = "<group>";
		};
		2D459444262FFD7B00FFB8A3 /* TestProject */ = {
			isa = PBXGroup;
			children = (
				2D7CEECA26314BB400F999AB /* Scenes */,
				2D4594CE2630A8B500FFB8A3 /* Extensions */,
				2D4594622630A67D00FFB8A3 /* Connection */,
				2D459445262FFD7B00FFB8A3 /* AppDelegate.swift */,
				2D45944E262FFD7D00FFB8A3 /* Assets.xcassets */,
				2D459450262FFD7D00FFB8A3 /* LaunchScreen.storyboard */,
				2D459453262FFD7D00FFB8A3 /* Info.plist */,
			);
			path = TestProject;
			sourceTree = "<group>";
		};
		2D4594622630A67D00FFB8A3 /* Connection */ = {
			isa = PBXGroup;
			children = (
				2D528AC82630AD580076741D /* Envoirment.swift */,
				2D4594D22630A8E000FFB8A3 /* BaseApiService.swift */,
				2D4594D52630A92800FFB8A3 /* BaseEndPoint.swift */,
				2D528AC42630AC170076741D /* CarService.swift */,
				2D4594CB2630A6EB00FFB8A3 /* Router.swift */,
				2D528ACF2630B7940076741D /* UrlParametrEncoding.swift */,
			);
			path = Connection;
			sourceTree = "<group>";
		};
		2D4594CE2630A8B500FFB8A3 /* Extensions */ = {
			isa = PBXGroup;
			children = (
				2D4594CF2630A8B500FFB8A3 /* URL.swift */,
				2D528ACC2630AE1C0076741D /* AppDataManager.swift */,
			);
			path = Extensions;
			sourceTree = "<group>";
		};
		2D5F304D2632A88B00823362 /* Detail */ = {
			isa = PBXGroup;
			children = (
				2D5F304E2632A88B00823362 /* Entity */,
				2D5F30502632A88B00823362 /* Contracts */,
				2D5F30522632A88B00823362 /* Presenter */,
				2D5F30542632A88B00823362 /* View */,
				2D5F30572632A88B00823362 /* Interactor */,
				2D5F30592632A88B00823362 /* Router */,
			);
			path = Detail;
			sourceTree = "<group>";
		};
		2D5F304E2632A88B00823362 /* Entity */ = {
			isa = PBXGroup;
			children = (
				2D5F304F2632A88B00823362 /* DetailEntity.swift */,
			);
			path = Entity;
			sourceTree = "<group>";
		};
		2D5F30502632A88B00823362 /* Contracts */ = {
			isa = PBXGroup;
			children = (
				2D5F30512632A88B00823362 /* DetailContracts.swift */,
			);
			path = Contracts;
			sourceTree = "<group>";
		};
		2D5F30522632A88B00823362 /* Presenter */ = {
			isa = PBXGroup;
			children = (
				2D5F30532632A88B00823362 /* DetailPresenter.swift */,
			);
			path = Presenter;
			sourceTree = "<group>";
		};
		2D5F30542632A88B00823362 /* View */ = {
			isa = PBXGroup;
			children = (
				2D5F30552632A88B00823362 /* DetailView.swift */,
				2D5F30562632A88B00823362 /* DetailView.xib */,
			);
			path = View;
			sourceTree = "<group>";
		};
		2D5F30572632A88B00823362 /* Interactor */ = {
			isa = PBXGroup;
			children = (
				2D5F30582632A88B00823362 /* DetailInteractor.swift */,
			);
			path = Interactor;
			sourceTree = "<group>";
		};
		2D5F30592632A88B00823362 /* Router */ = {
			isa = PBXGroup;
			children = (
				2D5F305A2632A88B00823362 /* DetailRouter.swift */,
			);
			path = Router;
			sourceTree = "<group>";
		};
		2D7CEECA26314BB400F999AB /* Scenes */ = {
			isa = PBXGroup;
			children = (
				2D7CEECB26314BC600F999AB /* Root */,
				2D26784C263149B900D6E884 /* MainHome */,
				2D5F304D2632A88B00823362 /* Detail */,
			);
			path = Scenes;
			sourceTree = "<group>";
		};
		2D7CEECB26314BC600F999AB /* Root */ = {
			isa = PBXGroup;
			children = (
				2D7CEECC26314BC600F999AB /* RootRouter.swift */,
			);
			path = Root;
			sourceTree = "<group>";
		};
		93E7F17E92896C0F2BC2CB5F /* Frameworks */ = {
			isa = PBXGroup;
			children = (
				404C1C043C4FCCC12C9496BF /* Pods_TestProject.framework */,
			);
			name = Frameworks;
			sourceTree = "<group>";
		};
/* End PBXGroup section */

/* Begin PBXNativeTarget section */
		2D459441262FFD7B00FFB8A3 /* TestProject */ = {
			isa = PBXNativeTarget;
			buildConfigurationList = 2D459456262FFD7D00FFB8A3 /* Build configuration list for PBXNativeTarget "TestProject" */;
			buildPhases = (
				C91226E77FEB7BB1B875B98C /* [CP] Check Pods Manifest.lock */,
				2D45943E262FFD7B00FFB8A3 /* Sources */,
				2D45943F262FFD7B00FFB8A3 /* Frameworks */,
				2D459440262FFD7B00FFB8A3 /* Resources */,
				4931E53BDEA407B22136D544 /* [CP] Embed Pods Frameworks */,
			);
			buildRules = (
			);
			dependencies = (
			);
			name = TestProject;
			productName = TestProject;
			productReference = 2D459442262FFD7B00FFB8A3 /* TestProject.app */;
			productType = "com.apple.product-type.application";
		};
/* End PBXNativeTarget section */

/* Begin PBXProject section */
		2D45943A262FFD7B00FFB8A3 /* Project object */ = {
			isa = PBXProject;
			attributes = {
				LastSwiftUpdateCheck = 1240;
				LastUpgradeCheck = 1240;
				TargetAttributes = {
					2D459441262FFD7B00FFB8A3 = {
						CreatedOnToolsVersion = 12.4;
					};
				};
			};
			buildConfigurationList = 2D45943D262FFD7B00FFB8A3 /* Build configuration list for PBXProject "TestProject" */;
			compatibilityVersion = "Xcode 9.3";
			developmentRegion = en;
			hasScannedForEncodings = 0;
			knownRegions = (
				en,
				Base,
			);
			mainGroup = 2D459439262FFD7B00FFB8A3;
			productRefGroup = 2D459443262FFD7B00FFB8A3 /* Products */;
			projectDirPath = "";
			projectRoot = "";
			targets = (
				2D459441262FFD7B00FFB8A3 /* TestProject */,
			);
		};
/* End PBXProject section */

/* Begin PBXResourcesBuildPhase section */
		2D459440262FFD7B00FFB8A3 /* Resources */ = {
			isa = PBXResourcesBuildPhase;
			buildActionMask = 2147483647;
			files = (
				2D5F305F2632A88B00823362 /* DetailView.xib in Resources */,
				2D459452262FFD7D00FFB8A3 /* LaunchScreen.storyboard in Resources */,
				2D45944F262FFD7D00FFB8A3 /* Assets.xcassets in Resources */,
			);
			runOnlyForDeploymentPostprocessing = 0;
		};
/* End PBXResourcesBuildPhase section */

/* Begin PBXShellScriptBuildPhase section */
		4931E53BDEA407B22136D544 /* [CP] Embed Pods Frameworks */ = {
			isa = PBXShellScriptBuildPhase;
			buildActionMask = 2147483647;
			files = (
			);
			inputFileListPaths = (
				"${PODS_ROOT}/Target Support Files/Pods-TestProject/Pods-TestProject-frameworks-${CONFIGURATION}-input-files.xcfilelist",
			);
			name = "[CP] Embed Pods Frameworks";
			outputFileListPaths = (
				"${PODS_ROOT}/Target Support Files/Pods-TestProject/Pods-TestProject-frameworks-${CONFIGURATION}-output-files.xcfilelist",
			);
			runOnlyForDeploymentPostprocessing = 0;
			shellPath = /bin/sh;
			shellScript = "\"${PODS_ROOT}/Target Support Files/Pods-TestProject/Pods-TestProject-frameworks.sh\"\n";
			showEnvVarsInLog = 0;
		};
		C91226E77FEB7BB1B875B98C /* [CP] Check Pods Manifest.lock */ = {
			isa = PBXShellScriptBuildPhase;
			buildActionMask = 2147483647;
			files = (
			);
			inputFileListPaths = (
			);
			inputPaths = (
				"${PODS_PODFILE_DIR_PATH}/Podfile.lock",
				"${PODS_ROOT}/Manifest.lock",
			);
			name = "[CP] Check Pods Manifest.lock";
			outputFileListPaths = (
			);
			outputPaths = (
				"$(DERIVED_FILE_DIR)/Pods-TestProject-checkManifestLockResult.txt",
			);
			runOnlyForDeploymentPostprocessing = 0;
			shellPath = /bin/sh;
			shellScript = "diff \"${PODS_PODFILE_DIR_PATH}/Podfile.lock\" \"${PODS_ROOT}/Manifest.lock\" > /dev/null\nif [ $? != 0 ] ; then\n    # print error to STDERR\n    echo \"error: The sandbox is not in sync with the Podfile.lock. Run 'pod install' or update your CocoaPods installation.\" >&2\n    exit 1\nfi\n# This output is used by Xcode 'outputs' to avoid re-running this script phase.\necho \"SUCCESS\" > \"${SCRIPT_OUTPUT_FILE_0}\"\n";
			showEnvVarsInLog = 0;
		};
/* End PBXShellScriptBuildPhase section */

/* Begin PBXSourcesBuildPhase section */
		2D45943E262FFD7B00FFB8A3 /* Sources */ = {
			isa = PBXSourcesBuildPhase;
			buildActionMask = 2147483647;
			files = (
				2D26785C263149B900D6E884 /* MainHomePresenter.swift in Sources */,
				2D5F30612632A88B00823362 /* DetailRouter.swift in Sources */,
				2D4594D02630A8B500FFB8A3 /* URL.swift in Sources */,
				2D5F305C2632A88B00823362 /* DetailContracts.swift in Sources */,
				2D4594CC2630A6EB00FFB8A3 /* Router.swift in Sources */,
				2D7CEECE26314BC600F999AB /* RootRouter.swift in Sources */,
				2D528AC92630AD580076741D /* Envoirment.swift in Sources */,
				2D26785B263149B900D6E884 /* MainHomeContracts.swift in Sources */,
				2D4594D32630A8E000FFB8A3 /* BaseApiService.swift in Sources */,
				2D528AD02630B7940076741D /* UrlParametrEncoding.swift in Sources */,
				2D4594D62630A92800FFB8A3 /* BaseEndPoint.swift in Sources */,
				2D5F305D2632A88B00823362 /* DetailPresenter.swift in Sources */,
				2D528AC52630AC170076741D /* CarService.swift in Sources */,
				2D459446262FFD7B00FFB8A3 /* AppDelegate.swift in Sources */,
				2D5F305E2632A88B00823362 /* DetailView.swift in Sources */,
				2D26785F263149B900D6E884 /* MainHomeInteractor.swift in Sources */,
				2D26785A263149B900D6E884 /* MainHomeEntity.swift in Sources */,
				2D528ACD2630AE1C0076741D /* AppDataManager.swift in Sources */,
				2D5F305B2632A88B00823362 /* DetailEntity.swift in Sources */,
				2D5F30602632A88B00823362 /* DetailInteractor.swift in Sources */,
				2D5F30462632A73300823362 /* MainHomeView.swift in Sources */,
				2D267860263149B900D6E884 /* MainHomeRouter.swift in Sources */,
			);
			runOnlyForDeploymentPostprocessing = 0;
		};
/* End PBXSourcesBuildPhase section */

/* Begin PBXVariantGroup section */
		2D459450262FFD7D00FFB8A3 /* LaunchScreen.storyboard */ = {
			isa = PBXVariantGroup;
			children = (
				2D459451262FFD7D00FFB8A3 /* Base */,
			);
			name = LaunchScreen.storyboard;
			sourceTree = "<group>";
		};
/* End PBXVariantGroup section */

/* Begin XCBuildConfiguration section */
		2D459454262FFD7D00FFB8A3 /* Debug */ = {
			isa = XCBuildConfiguration;
			buildSettings = {
				ALWAYS_SEARCH_USER_PATHS = NO;
				CLANG_ANALYZER_NONNULL = YES;
				CLANG_ANALYZER_NUMBER_OBJECT_CONVERSION = YES_AGGRESSIVE;
				CLANG_CXX_LANGUAGE_STANDARD = "gnu++14";
				CLANG_CXX_LIBRARY = "libc++";
				CLANG_ENABLE_MODULES = YES;
				CLANG_ENABLE_OBJC_ARC = YES;
				CLANG_ENABLE_OBJC_WEAK = YES;
				CLANG_WARN_BLOCK_CAPTURE_AUTORELEASING = YES;
				CLANG_WARN_BOOL_CONVERSION = YES;
				CLANG_WARN_COMMA = YES;
				CLANG_WARN_CONSTANT_CONVERSION = YES;
				CLANG_WARN_DEPRECATED_OBJC_IMPLEMENTATIONS = YES;
				CLANG_WARN_DIRECT_OBJC_ISA_USAGE = YES_ERROR;
				CLANG_WARN_DOCUMENTATION_COMMENTS = YES;
				CLANG_WARN_EMPTY_BODY = YES;
				CLANG_WARN_ENUM_CONVERSION = YES;
				CLANG_WARN_INFINITE_RECURSION = YES;
				CLANG_WARN_INT_CONVERSION = YES;
				CLANG_WARN_NON_LITERAL_NULL_CONVERSION = YES;
				CLANG_WARN_OBJC_IMPLICIT_RETAIN_SELF = YES;
				CLANG_WARN_OBJC_LITERAL_CONVERSION = YES;
				CLANG_WARN_OBJC_ROOT_CLASS = YES_ERROR;
				CLANG_WARN_QUOTED_INCLUDE_IN_FRAMEWORK_HEADER = YES;
				CLANG_WARN_RANGE_LOOP_ANALYSIS = YES;
				CLANG_WARN_STRICT_PROTOTYPES = YES;
				CLANG_WARN_SUSPICIOUS_MOVE = YES;
				CLANG_WARN_UNGUARDED_AVAILABILITY = YES_AGGRESSIVE;
				CLANG_WARN_UNREACHABLE_CODE = YES;
				CLANG_WARN__DUPLICATE_METHOD_MATCH = YES;
				COPY_PHASE_STRIP = NO;
				DEBUG_INFORMATION_FORMAT = dwarf;
				ENABLE_STRICT_OBJC_MSGSEND = YES;
				ENABLE_TESTABILITY = YES;
				GCC_C_LANGUAGE_STANDARD = gnu11;
				GCC_DYNAMIC_NO_PIC = NO;
				GCC_NO_COMMON_BLOCKS = YES;
				GCC_OPTIMIZATION_LEVEL = 0;
				GCC_PREPROCESSOR_DEFINITIONS = (
					"DEBUG=1",
					"$(inherited)",
				);
				GCC_WARN_64_TO_32_BIT_CONVERSION = YES;
				GCC_WARN_ABOUT_RETURN_TYPE = YES_ERROR;
				GCC_WARN_UNDECLARED_SELECTOR = YES;
				GCC_WARN_UNINITIALIZED_AUTOS = YES_AGGRESSIVE;
				GCC_WARN_UNUSED_FUNCTION = YES;
				GCC_WARN_UNUSED_VARIABLE = YES;
				IPHONEOS_DEPLOYMENT_TARGET = 14.4;
				MTL_ENABLE_DEBUG_INFO = INCLUDE_SOURCE;
				MTL_FAST_MATH = YES;
				ONLY_ACTIVE_ARCH = YES;
				SDKROOT = iphoneos;
				SWIFT_ACTIVE_COMPILATION_CONDITIONS = DEBUG;
				SWIFT_OPTIMIZATION_LEVEL = "-Onone";
			};
			name = Debug;
		};
		2D459455262FFD7D00FFB8A3 /* Release */ = {
			isa = XCBuildConfiguration;
			buildSettings = {
				ALWAYS_SEARCH_USER_PATHS = NO;
				CLANG_ANALYZER_NONNULL = YES;
				CLANG_ANALYZER_NUMBER_OBJECT_CONVERSION = YES_AGGRESSIVE;
				CLANG_CXX_LANGUAGE_STANDARD = "gnu++14";
				CLANG_CXX_LIBRARY = "libc++";
				CLANG_ENABLE_MODULES = YES;
				CLANG_ENABLE_OBJC_ARC = YES;
				CLANG_ENABLE_OBJC_WEAK = YES;
				CLANG_WARN_BLOCK_CAPTURE_AUTORELEASING = YES;
				CLANG_WARN_BOOL_CONVERSION = YES;
				CLANG_WARN_COMMA = YES;
				CLANG_WARN_CONSTANT_CONVERSION = YES;
				CLANG_WARN_DEPRECATED_OBJC_IMPLEMENTATIONS = YES;
				CLANG_WARN_DIRECT_OBJC_ISA_USAGE = YES_ERROR;
				CLANG_WARN_DOCUMENTATION_COMMENTS = YES;
				CLANG_WARN_EMPTY_BODY = YES;
				CLANG_WARN_ENUM_CONVERSION = YES;
				CLANG_WARN_INFINITE_RECURSION = YES;
				CLANG_WARN_INT_CONVERSION = YES;
				CLANG_WARN_NON_LITERAL_NULL_CONVERSION = YES;
				CLANG_WARN_OBJC_IMPLICIT_RETAIN_SELF = YES;
				CLANG_WARN_OBJC_LITERAL_CONVERSION = YES;
				CLANG_WARN_OBJC_ROOT_CLASS = YES_ERROR;
				CLANG_WARN_QUOTED_INCLUDE_IN_FRAMEWORK_HEADER = YES;
				CLANG_WARN_RANGE_LOOP_ANALYSIS = YES;
				CLANG_WARN_STRICT_PROTOTYPES = YES;
				CLANG_WARN_SUSPICIOUS_MOVE = YES;
				CLANG_WARN_UNGUARDED_AVAILABILITY = YES_AGGRESSIVE;
				CLANG_WARN_UNREACHABLE_CODE = YES;
				CLANG_WARN__DUPLICATE_METHOD_MATCH = YES;
				COPY_PHASE_STRIP = NO;
				DEBUG_INFORMATION_FORMAT = "dwarf-with-dsym";
				ENABLE_NS_ASSERTIONS = NO;
				ENABLE_STRICT_OBJC_MSGSEND = YES;
				GCC_C_LANGUAGE_STANDARD = gnu11;
				GCC_NO_COMMON_BLOCKS = YES;
				GCC_WARN_64_TO_32_BIT_CONVERSION = YES;
				GCC_WARN_ABOUT_RETURN_TYPE = YES_ERROR;
				GCC_WARN_UNDECLARED_SELECTOR = YES;
				GCC_WARN_UNINITIALIZED_AUTOS = YES_AGGRESSIVE;
				GCC_WARN_UNUSED_FUNCTION = YES;
				GCC_WARN_UNUSED_VARIABLE = YES;
				IPHONEOS_DEPLOYMENT_TARGET = 14.4;
				MTL_ENABLE_DEBUG_INFO = NO;
				MTL_FAST_MATH = YES;
				SDKROOT = iphoneos;
				SWIFT_COMPILATION_MODE = wholemodule;
				SWIFT_OPTIMIZATION_LEVEL = "-O";
				VALIDATE_PRODUCT = YES;
			};
			name = Release;
		};
		2D459457262FFD7D00FFB8A3 /* Debug */ = {
			isa = XCBuildConfiguration;
			baseConfigurationReference = 85EEAF33D950275530C9DA95 /* Pods-TestProject.debug.xcconfig */;
			buildSettings = {
				ASSETCATALOG_COMPILER_APPICON_NAME = AppIcon;
				ASSETCATALOG_COMPILER_GLOBAL_ACCENT_COLOR_NAME = AccentColor;
				CODE_SIGN_STYLE = Automatic;
				DEVELOPMENT_TEAM = VZ5C87H6TR;
				INFOPLIST_FILE = TestProject/Info.plist;
				LD_RUNPATH_SEARCH_PATHS = (
					"$(inherited)",
					"@executable_path/Frameworks",
				);
				PRODUCT_BUNDLE_IDENTIFIER = com.dt.TestProject;
				PRODUCT_NAME = "$(TARGET_NAME)";
				SWIFT_VERSION = 5.0;
				TARGETED_DEVICE_FAMILY = "1,2";
			};
			name = Debug;
		};
		2D459458262FFD7D00FFB8A3 /* Release */ = {
			isa = XCBuildConfiguration;
			baseConfigurationReference = F269314BE03C64410469E03A /* Pods-TestProject.release.xcconfig */;
			buildSettings = {
				ASSETCATALOG_COMPILER_APPICON_NAME = AppIcon;
				ASSETCATALOG_COMPILER_GLOBAL_ACCENT_COLOR_NAME = AccentColor;
				CODE_SIGN_STYLE = Automatic;
				DEVELOPMENT_TEAM = VZ5C87H6TR;
				INFOPLIST_FILE = TestProject/Info.plist;
				LD_RUNPATH_SEARCH_PATHS = (
					"$(inherited)",
					"@executable_path/Frameworks",
				);
				PRODUCT_BUNDLE_IDENTIFIER = com.dt.TestProject;
				PRODUCT_NAME = "$(TARGET_NAME)";
				SWIFT_VERSION = 5.0;
				TARGETED_DEVICE_FAMILY = "1,2";
			};
			name = Release;
		};
/* End XCBuildConfiguration section */

/* Begin XCConfigurationList section */
		2D45943D262FFD7B00FFB8A3 /* Build configuration list for PBXProject "TestProject" */ = {
			isa = XCConfigurationList;
			buildConfigurations = (
				2D459454262FFD7D00FFB8A3 /* Debug */,
				2D459455262FFD7D00FFB8A3 /* Release */,
			);
			defaultConfigurationIsVisible = 0;
			defaultConfigurationName = Release;
		};
		2D459456262FFD7D00FFB8A3 /* Build configuration list for PBXNativeTarget "TestProject" */ = {
			isa = XCConfigurationList;
			buildConfigurations = (
				2D459457262FFD7D00FFB8A3 /* Debug */,
				2D459458262FFD7D00FFB8A3 /* Release */,
			);
			defaultConfigurationIsVisible = 0;
			defaultConfigurationName = Release;
		};
/* End XCConfigurationList section */
	};
	rootObject = 2D45943A262FFD7B00FFB8A3 /* Project object */;
}
